PODS:
  - CocoaAsyncSocket (7.6.5)
  - Flutter (1.0.0)
  - patrol (0.0.1):
    - CocoaAsyncSocket (~> 7.6)
    - Flutter
    - FlutterMacOS

DEPENDENCIES:
  - Flutter (from `Flutter`)
  - patrol (from `.symlinks/plugins/patrol/darwin`)

SPEC REPOS:
  trunk:
    - CocoaAsyncSocket

EXTERNAL SOURCES:
  Flutter:
    :path: Flutter
  patrol:
    :path: ".symlinks/plugins/patrol/darwin"

SPEC CHECKSUMS:
  CocoaAsyncSocket: 065fd1e645c7abab64f7a6a2007a48038fdc6a99
  Flutter: e0871f40cf51350855a761d2e70bf5af5b9b5de7
  patrol: 0564cee315ff6c86fb802b3647db05cc2d3d0624

PODFILE CHECKSUM: cd81f400831a0246d9c25c236e33b74d1e68bf88

COCOAPODS: 1.16.2
